// !$*UTF8*$!
{
	archiveVersion = 1;
	classes = {
	};
	objectVersion = 46;
	objects = {

/* Begin PBXBuildFile section */
		607FACD61AFB9204008FA782 /* AppDelegate.swift in Sources */ = {isa = PBXBuildFile; fileRef = 607FACD51AFB9204008FA782 /* AppDelegate.swift */; };
		607FACD81AFB9204008FA782 /* HelpRequestViewController.swift in Sources */ = {isa = PBXBuildFile; fileRef = 607FACD71AFB9204008FA782 /* HelpRequestViewController.swift */; };
		607FACDB1AFB9204008FA782 /* Main.storyboard in Resources */ = {isa = PBXBuildFile; fileRef = 607FACD91AFB9204008FA782 /* Main.storyboard */; };
		607FACDD1AFB9204008FA782 /* Images.xcassets in Resources */ = {isa = PBXBuildFile; fileRef = 607FACDC1AFB9204008FA782 /* Images.xcassets */; };
		607FACE01AFB9204008FA782 /* LaunchScreen.xib in Resources */ = {isa = PBXBuildFile; fileRef = 607FACDE1AFB9204008FA782 /* LaunchScreen.xib */; };
		607FACEC1AFB9204008FA782 /* ContactCenterTests.swift in Sources */ = {isa = PBXBuildFile; fileRef = 607FACEB1AFB9204008FA782 /* ContactCenterTests.swift */; };
		8729710E0FD0DD6FBE468D0A /* Pods_BPMobileMessaging_Tests.framework in Frameworks */ = {isa = PBXBuildFile; fileRef = A3AD6BBEF622A29C4CFDE65D /* Pods_BPMobileMessaging_Tests.framework */; };
		A81B471DE62BDFC3937D2F4C /* Pods_BPMobileMessaging_Example.framework in Frameworks */ = {isa = PBXBuildFile; fileRef = 4BFB77F350367830558C3DA9 /* Pods_BPMobileMessaging_Example.framework */; };
		F10126A025E6F74500AC0B5D /* GoogleService-Info.plist in Resources */ = {isa = PBXBuildFile; fileRef = F101268E25E6EEE100AC0B5D /* GoogleService-Info.plist */; };
		F10126F925E82F3600AC0B5D /* ViewController+ServiceDependency.swift in Sources */ = {isa = PBXBuildFile; fileRef = F10126F825E82F3600AC0B5D /* ViewController+ServiceDependency.swift */; };
		F101270025E8301B00AC0B5D /* UIViewController+Extension.swift in Sources */ = {isa = PBXBuildFile; fileRef = F10126FF25E8301B00AC0B5D /* UIViewController+Extension.swift */; };
		F101270425E8305600AC0B5D /* DefaultStringInterpolation+Extension.swift in Sources */ = {isa = PBXBuildFile; fileRef = F101270325E8305600AC0B5D /* DefaultStringInterpolation+Extension.swift */; };
		F101270825E8308900AC0B5D /* ExampleAppError.swift in Sources */ = {isa = PBXBuildFile; fileRef = F101270725E8308900AC0B5D /* ExampleAppError.swift */; };
		F101270F25E8313300AC0B5D /* HelpRequestViewModel.swift in Sources */ = {isa = PBXBuildFile; fileRef = F101270E25E8313300AC0B5D /* HelpRequestViewModel.swift */; };
		F101271325E83A5900AC0B5D /* ContactCenterService.swift in Sources */ = {isa = PBXBuildFile; fileRef = F101271225E83A5900AC0B5D /* ContactCenterService.swift */; };
		F101272725E863ED00AC0B5D /* NotificationNamesKeys.swift in Sources */ = {isa = PBXBuildFile; fileRef = F101272625E863ED00AC0B5D /* NotificationNamesKeys.swift */; };
		F151455F25DBB78400D4AF7E /* eventsFixture.txt in Resources */ = {isa = PBXBuildFile; fileRef = F151455E25DBB78400D4AF7E /* eventsFixture.txt */; };
		F19B0C4325FE6E9200799CAA /* Settings.bundle in Resources */ = {isa = PBXBuildFile; fileRef = F19B0C4225FE6E9200799CAA /* Settings.bundle */; };
		F1A15A2B25E9B3A100191AAB /* ChatViewController.swift in Sources */ = {isa = PBXBuildFile; fileRef = F1A15A2A25E9B3A100191AAB /* ChatViewController.swift */; };
		F1A15A2F25E9B3C800191AAB /* ChatViewModel.swift in Sources */ = {isa = PBXBuildFile; fileRef = F1A15A2E25E9B3C800191AAB /* ChatViewModel.swift */; };
		F1A15BAE25ED22E700191AAB /* LinkLabel.swift in Sources */ = {isa = PBXBuildFile; fileRef = F1A15BAD25ED22E700191AAB /* LinkLabel.swift */; };
		F1A15C1E25ED85A700191AAB /* LinkDetectorTextStorage.swift in Sources */ = {isa = PBXBuildFile; fileRef = F1A15C1D25ED85A700191AAB /* LinkDetectorTextStorage.swift */; };
		F1A15C3325EE2AA000191AAB /* ChatMessage.swift in Sources */ = {isa = PBXBuildFile; fileRef = F1A15C3225EE2AA000191AAB /* ChatMessage.swift */; };
		F1CADB9A25F55BE100CA074E /* PastConversationsViewController.swift in Sources */ = {isa = PBXBuildFile; fileRef = F1CADB9925F55BE100CA074E /* PastConversationsViewController.swift */; };
		F1CADBA125F55C3F00CA074E /* PastConversationsViewModel.swift in Sources */ = {isa = PBXBuildFile; fileRef = F1CADBA025F55C3F00CA074E /* PastConversationsViewModel.swift */; };
/* End PBXBuildFile section */

/* Begin PBXContainerItemProxy section */
		607FACE61AFB9204008FA782 /* PBXContainerItemProxy */ = {
			isa = PBXContainerItemProxy;
			containerPortal = 607FACC81AFB9204008FA782 /* Project object */;
			proxyType = 1;
			remoteGlobalIDString = 607FACCF1AFB9204008FA782;
			remoteInfo = BPMobileMessaging;
		};
/* End PBXContainerItemProxy section */

/* Begin PBXFileReference section */
		15627A2FBF2AC38505C0B61B /* Pods-BPMobileMessaging_Tests.debug.xcconfig */ = {isa = PBXFileReference; includeInIndex = 1; lastKnownFileType = text.xcconfig; name = "Pods-BPMobileMessaging_Tests.debug.xcconfig"; path = "Target Support Files/Pods-BPMobileMessaging_Tests/Pods-BPMobileMessaging_Tests.debug.xcconfig"; sourceTree = "<group>"; };
		1F338F3D692BC8A6CACD4A3C /* LICENSE */ = {isa = PBXFileReference; includeInIndex = 1; lastKnownFileType = text; name = LICENSE; path = ../LICENSE; sourceTree = "<group>"; };
		2503487E031042FAD3599AA2 /* Pods-BPMobileMessaging_Example.release.xcconfig */ = {isa = PBXFileReference; includeInIndex = 1; lastKnownFileType = text.xcconfig; name = "Pods-BPMobileMessaging_Example.release.xcconfig"; path = "Target Support Files/Pods-BPMobileMessaging_Example/Pods-BPMobileMessaging_Example.release.xcconfig"; sourceTree = "<group>"; };
		4BFB77F350367830558C3DA9 /* Pods_BPMobileMessaging_Example.framework */ = {isa = PBXFileReference; explicitFileType = wrapper.framework; includeInIndex = 0; path = Pods_BPMobileMessaging_Example.framework; sourceTree = BUILT_PRODUCTS_DIR; };
		5CB28ADA3D4CD07E44C11A63 /* BPMobileMessaging.podspec */ = {isa = PBXFileReference; includeInIndex = 1; lastKnownFileType = text; name = BPMobileMessaging.podspec; path = ../BPMobileMessaging.podspec; sourceTree = "<group>"; xcLanguageSpecificationIdentifier = xcode.lang.ruby; };
		607FACD01AFB9204008FA782 /* BPMobileMessaging_Example.app */ = {isa = PBXFileReference; explicitFileType = wrapper.application; includeInIndex = 0; path = BPMobileMessaging_Example.app; sourceTree = BUILT_PRODUCTS_DIR; };
		607FACD41AFB9204008FA782 /* Info.plist */ = {isa = PBXFileReference; lastKnownFileType = text.plist.xml; path = Info.plist; sourceTree = "<group>"; };
		607FACD51AFB9204008FA782 /* AppDelegate.swift */ = {isa = PBXFileReference; lastKnownFileType = sourcecode.swift; path = AppDelegate.swift; sourceTree = "<group>"; };
		607FACD71AFB9204008FA782 /* HelpRequestViewController.swift */ = {isa = PBXFileReference; lastKnownFileType = sourcecode.swift; path = HelpRequestViewController.swift; sourceTree = "<group>"; };
		607FACDA1AFB9204008FA782 /* Base */ = {isa = PBXFileReference; lastKnownFileType = file.storyboard; name = Base; path = Base.lproj/Main.storyboard; sourceTree = "<group>"; };
		607FACDC1AFB9204008FA782 /* Images.xcassets */ = {isa = PBXFileReference; lastKnownFileType = folder.assetcatalog; path = Images.xcassets; sourceTree = "<group>"; };
		607FACDF1AFB9204008FA782 /* Base */ = {isa = PBXFileReference; lastKnownFileType = file.xib; name = Base; path = Base.lproj/LaunchScreen.xib; sourceTree = "<group>"; };
		607FACE51AFB9204008FA782 /* BPMobileMessaging_Tests.xctest */ = {isa = PBXFileReference; explicitFileType = wrapper.cfbundle; includeInIndex = 0; path = BPMobileMessaging_Tests.xctest; sourceTree = BUILT_PRODUCTS_DIR; };
		607FACEA1AFB9204008FA782 /* Info.plist */ = {isa = PBXFileReference; lastKnownFileType = text.plist.xml; path = Info.plist; sourceTree = "<group>"; };
		607FACEB1AFB9204008FA782 /* ContactCenterTests.swift */ = {isa = PBXFileReference; lastKnownFileType = sourcecode.swift; path = ContactCenterTests.swift; sourceTree = "<group>"; };
		715D3021182EAF5BBF64ABEB /* Pods-BPMobileMessaging_Tests.release.xcconfig */ = {isa = PBXFileReference; includeInIndex = 1; lastKnownFileType = text.xcconfig; name = "Pods-BPMobileMessaging_Tests.release.xcconfig"; path = "Target Support Files/Pods-BPMobileMessaging_Tests/Pods-BPMobileMessaging_Tests.release.xcconfig"; sourceTree = "<group>"; };
		81D2A75A9B91F57A53F2E4AF /* README.md */ = {isa = PBXFileReference; includeInIndex = 1; lastKnownFileType = net.daringfireball.markdown; name = README.md; path = ../README.md; sourceTree = "<group>"; };
		A3AD6BBEF622A29C4CFDE65D /* Pods_BPMobileMessaging_Tests.framework */ = {isa = PBXFileReference; explicitFileType = wrapper.framework; includeInIndex = 0; path = Pods_BPMobileMessaging_Tests.framework; sourceTree = BUILT_PRODUCTS_DIR; };
		F101258325E464FD00AC0B5D /* BPMobileMessaging_Example.entitlements */ = {isa = PBXFileReference; lastKnownFileType = text.plist.entitlements; path = BPMobileMessaging_Example.entitlements; sourceTree = "<group>"; };
		F101268E25E6EEE100AC0B5D /* GoogleService-Info.plist */ = {isa = PBXFileReference; lastKnownFileType = text.plist.xml; path = "GoogleService-Info.plist"; sourceTree = "<group>"; };
		F10126F825E82F3600AC0B5D /* ViewController+ServiceDependency.swift */ = {isa = PBXFileReference; lastKnownFileType = sourcecode.swift; path = "ViewController+ServiceDependency.swift"; sourceTree = "<group>"; };
		F10126FF25E8301B00AC0B5D /* UIViewController+Extension.swift */ = {isa = PBXFileReference; lastKnownFileType = sourcecode.swift; path = "UIViewController+Extension.swift"; sourceTree = "<group>"; };
		F101270325E8305600AC0B5D /* DefaultStringInterpolation+Extension.swift */ = {isa = PBXFileReference; lastKnownFileType = sourcecode.swift; path = "DefaultStringInterpolation+Extension.swift"; sourceTree = "<group>"; };
		F101270725E8308900AC0B5D /* ExampleAppError.swift */ = {isa = PBXFileReference; lastKnownFileType = sourcecode.swift; path = ExampleAppError.swift; sourceTree = "<group>"; };
		F101270E25E8313300AC0B5D /* HelpRequestViewModel.swift */ = {isa = PBXFileReference; lastKnownFileType = sourcecode.swift; path = HelpRequestViewModel.swift; sourceTree = "<group>"; };
		F101271225E83A5900AC0B5D /* ContactCenterService.swift */ = {isa = PBXFileReference; lastKnownFileType = sourcecode.swift; path = ContactCenterService.swift; sourceTree = "<group>"; };
		F101272625E863ED00AC0B5D /* NotificationNamesKeys.swift */ = {isa = PBXFileReference; fileEncoding = 4; lastKnownFileType = sourcecode.swift; path = NotificationNamesKeys.swift; sourceTree = "<group>"; };
		F151455E25DBB78400D4AF7E /* eventsFixture.txt */ = {isa = PBXFileReference; fileEncoding = 4; lastKnownFileType = text; path = eventsFixture.txt; sourceTree = "<group>"; };
		F19B0C4225FE6E9200799CAA /* Settings.bundle */ = {isa = PBXFileReference; lastKnownFileType = "wrapper.plug-in"; path = Settings.bundle; sourceTree = "<group>"; };
		F1A15A2A25E9B3A100191AAB /* ChatViewController.swift */ = {isa = PBXFileReference; lastKnownFileType = sourcecode.swift; path = ChatViewController.swift; sourceTree = "<group>"; };
		F1A15A2E25E9B3C800191AAB /* ChatViewModel.swift */ = {isa = PBXFileReference; lastKnownFileType = sourcecode.swift; path = ChatViewModel.swift; sourceTree = "<group>"; };
		F1A15BAD25ED22E700191AAB /* LinkLabel.swift */ = {isa = PBXFileReference; lastKnownFileType = sourcecode.swift; path = LinkLabel.swift; sourceTree = "<group>"; };
		F1A15C1D25ED85A700191AAB /* LinkDetectorTextStorage.swift */ = {isa = PBXFileReference; lastKnownFileType = sourcecode.swift; path = LinkDetectorTextStorage.swift; sourceTree = "<group>"; };
		F1A15C3225EE2AA000191AAB /* ChatMessage.swift */ = {isa = PBXFileReference; lastKnownFileType = sourcecode.swift; path = ChatMessage.swift; sourceTree = "<group>"; };
		F1CADB9925F55BE100CA074E /* PastConversationsViewController.swift */ = {isa = PBXFileReference; lastKnownFileType = sourcecode.swift; path = PastConversationsViewController.swift; sourceTree = "<group>"; };
		F1CADBA025F55C3F00CA074E /* PastConversationsViewModel.swift */ = {isa = PBXFileReference; lastKnownFileType = sourcecode.swift; path = PastConversationsViewModel.swift; sourceTree = "<group>"; };
		F681B50D64B48541F780AC7E /* Pods-BPMobileMessaging_Example.debug.xcconfig */ = {isa = PBXFileReference; includeInIndex = 1; lastKnownFileType = text.xcconfig; name = "Pods-BPMobileMessaging_Example.debug.xcconfig"; path = "Target Support Files/Pods-BPMobileMessaging_Example/Pods-BPMobileMessaging_Example.debug.xcconfig"; sourceTree = "<group>"; };
/* End PBXFileReference section */

/* Begin PBXFrameworksBuildPhase section */
		607FACCD1AFB9204008FA782 /* Frameworks */ = {
			isa = PBXFrameworksBuildPhase;
			buildActionMask = 2147483647;
			files = (
				A81B471DE62BDFC3937D2F4C /* Pods_BPMobileMessaging_Example.framework in Frameworks */,
			);
			runOnlyForDeploymentPostprocessing = 0;
		};
		607FACE21AFB9204008FA782 /* Frameworks */ = {
			isa = PBXFrameworksBuildPhase;
			buildActionMask = 2147483647;
			files = (
				8729710E0FD0DD6FBE468D0A /* Pods_BPMobileMessaging_Tests.framework in Frameworks */,
			);
			runOnlyForDeploymentPostprocessing = 0;
		};
/* End PBXFrameworksBuildPhase section */

/* Begin PBXGroup section */
		17130BD9ACA50DF7859CD895 /* Frameworks */ = {
			isa = PBXGroup;
			children = (
				4BFB77F350367830558C3DA9 /* Pods_BPMobileMessaging_Example.framework */,
				A3AD6BBEF622A29C4CFDE65D /* Pods_BPMobileMessaging_Tests.framework */,
			);
			name = Frameworks;
			sourceTree = "<group>";
		};
		3562646FC87757B90FA4BB44 /* Pods */ = {
			isa = PBXGroup;
			children = (
				F681B50D64B48541F780AC7E /* Pods-BPMobileMessaging_Example.debug.xcconfig */,
				2503487E031042FAD3599AA2 /* Pods-BPMobileMessaging_Example.release.xcconfig */,
				15627A2FBF2AC38505C0B61B /* Pods-BPMobileMessaging_Tests.debug.xcconfig */,
				715D3021182EAF5BBF64ABEB /* Pods-BPMobileMessaging_Tests.release.xcconfig */,
			);
			path = Pods;
			sourceTree = "<group>";
		};
		607FACC71AFB9204008FA782 = {
			isa = PBXGroup;
			children = (
				F101258325E464FD00AC0B5D /* BPMobileMessaging_Example.entitlements */,
				607FACF51AFB993E008FA782 /* Podspec Metadata */,
				607FACD21AFB9204008FA782 /* Example for BPMobileMessaging */,
				607FACE81AFB9204008FA782 /* Tests */,
				607FACD11AFB9204008FA782 /* Products */,
				3562646FC87757B90FA4BB44 /* Pods */,
				17130BD9ACA50DF7859CD895 /* Frameworks */,
			);
			sourceTree = "<group>";
		};
		607FACD11AFB9204008FA782 /* Products */ = {
			isa = PBXGroup;
			children = (
				607FACD01AFB9204008FA782 /* BPMobileMessaging_Example.app */,
				607FACE51AFB9204008FA782 /* BPMobileMessaging_Tests.xctest */,
			);
			name = Products;
			sourceTree = "<group>";
		};
		607FACD21AFB9204008FA782 /* Example for BPMobileMessaging */ = {
			isa = PBXGroup;
			children = (
				F101272625E863ED00AC0B5D /* NotificationNamesKeys.swift */,
				F10126FC25E82FA900AC0B5D /* Extensions */,
				607FACD51AFB9204008FA782 /* AppDelegate.swift */,
				F10126F825E82F3600AC0B5D /* ViewController+ServiceDependency.swift */,
				F101271225E83A5900AC0B5D /* ContactCenterService.swift */,
				F101270B25E830DC00AC0B5D /* HelpRequest */,
				F1A15A3225E9B3DB00191AAB /* ChatView */,
				F1CADB9F25F55C2900CA074E /* PastConversations */,
				F101270725E8308900AC0B5D /* ExampleAppError.swift */,
				607FACD91AFB9204008FA782 /* Main.storyboard */,
				607FACDC1AFB9204008FA782 /* Images.xcassets */,
				607FACDE1AFB9204008FA782 /* LaunchScreen.xib */,
				607FACD31AFB9204008FA782 /* Supporting Files */,
				F19B0C4625FE6EBA00799CAA /* Settings */,
			);
			name = "Example for BPMobileMessaging";
			path = BPMobileMessaging;
			sourceTree = "<group>";
		};
		607FACD31AFB9204008FA782 /* Supporting Files */ = {
			isa = PBXGroup;
			children = (
				F101268E25E6EEE100AC0B5D /* GoogleService-Info.plist */,
				607FACD41AFB9204008FA782 /* Info.plist */,
			);
			name = "Supporting Files";
			sourceTree = "<group>";
		};
		607FACE81AFB9204008FA782 /* Tests */ = {
			isa = PBXGroup;
			children = (
				F151455E25DBB78400D4AF7E /* eventsFixture.txt */,
				607FACEB1AFB9204008FA782 /* ContactCenterTests.swift */,
				607FACE91AFB9204008FA782 /* Supporting Files */,
			);
			path = Tests;
			sourceTree = "<group>";
		};
		607FACE91AFB9204008FA782 /* Supporting Files */ = {
			isa = PBXGroup;
			children = (
				607FACEA1AFB9204008FA782 /* Info.plist */,
			);
			name = "Supporting Files";
			sourceTree = "<group>";
		};
		607FACF51AFB993E008FA782 /* Podspec Metadata */ = {
			isa = PBXGroup;
			children = (
				5CB28ADA3D4CD07E44C11A63 /* BPMobileMessaging.podspec */,
				81D2A75A9B91F57A53F2E4AF /* README.md */,
				1F338F3D692BC8A6CACD4A3C /* LICENSE */,
			);
			name = "Podspec Metadata";
			sourceTree = "<group>";
		};
		F10126FC25E82FA900AC0B5D /* Extensions */ = {
			isa = PBXGroup;
			children = (
				F10126FF25E8301B00AC0B5D /* UIViewController+Extension.swift */,
				F101270325E8305600AC0B5D /* DefaultStringInterpolation+Extension.swift */,
			);
			name = Extensions;
			sourceTree = "<group>";
		};
		F101270B25E830DC00AC0B5D /* HelpRequest */ = {
			isa = PBXGroup;
			children = (
				607FACD71AFB9204008FA782 /* HelpRequestViewController.swift */,
				F101270E25E8313300AC0B5D /* HelpRequestViewModel.swift */,
			);
			name = HelpRequest;
			sourceTree = "<group>";
		};
		F19B0C4625FE6EBA00799CAA /* Settings */ = {
			isa = PBXGroup;
			children = (
				F19B0C4225FE6E9200799CAA /* Settings.bundle */,
			);
			name = Settings;
			sourceTree = "<group>";
		};
		F1A15A3225E9B3DB00191AAB /* ChatView */ = {
			isa = PBXGroup;
			children = (
				F1A15A2A25E9B3A100191AAB /* ChatViewController.swift */,
				F1A15A2E25E9B3C800191AAB /* ChatViewModel.swift */,
				F1A15BAD25ED22E700191AAB /* LinkLabel.swift */,
				F1A15C1D25ED85A700191AAB /* LinkDetectorTextStorage.swift */,
				F1A15C3225EE2AA000191AAB /* ChatMessage.swift */,
			);
			name = ChatView;
			sourceTree = "<group>";
		};
		F1CADB9F25F55C2900CA074E /* PastConversations */ = {
			isa = PBXGroup;
			children = (
				F1CADB9925F55BE100CA074E /* PastConversationsViewController.swift */,
				F1CADBA025F55C3F00CA074E /* PastConversationsViewModel.swift */,
			);
			name = PastConversations;
			sourceTree = "<group>";
		};
/* End PBXGroup section */

/* Begin PBXNativeTarget section */
		607FACCF1AFB9204008FA782 /* BPMobileMessaging_Example */ = {
			isa = PBXNativeTarget;
			buildConfigurationList = 607FACEF1AFB9204008FA782 /* Build configuration list for PBXNativeTarget "BPMobileMessaging_Example" */;
			buildPhases = (
				AEB9F863DB6AECDB724607CE /* [CP] Check Pods Manifest.lock */,
				607FACCC1AFB9204008FA782 /* Sources */,
				607FACCD1AFB9204008FA782 /* Frameworks */,
				607FACCE1AFB9204008FA782 /* Resources */,
				500E3A8BC1BE38EC92724645 /* [CP] Embed Pods Frameworks */,
			);
			buildRules = (
			);
			dependencies = (
			);
			name = BPMobileMessaging_Example;
			productName = BPMobileMessaging;
			productReference = 607FACD01AFB9204008FA782 /* BPMobileMessaging_Example.app */;
			productType = "com.apple.product-type.application";
		};
		607FACE41AFB9204008FA782 /* BPMobileMessaging_Tests */ = {
			isa = PBXNativeTarget;
			buildConfigurationList = 607FACF21AFB9204008FA782 /* Build configuration list for PBXNativeTarget "BPMobileMessaging_Tests" */;
			buildPhases = (
				5391BD7F0ABF99902E4A2B31 /* [CP] Check Pods Manifest.lock */,
				607FACE11AFB9204008FA782 /* Sources */,
				607FACE21AFB9204008FA782 /* Frameworks */,
				607FACE31AFB9204008FA782 /* Resources */,
			);
			buildRules = (
			);
			dependencies = (
				607FACE71AFB9204008FA782 /* PBXTargetDependency */,
			);
			name = BPMobileMessaging_Tests;
			productName = Tests;
			productReference = 607FACE51AFB9204008FA782 /* BPMobileMessaging_Tests.xctest */;
			productType = "com.apple.product-type.bundle.unit-test";
		};
/* End PBXNativeTarget section */

/* Begin PBXProject section */
		607FACC81AFB9204008FA782 /* Project object */ = {
			isa = PBXProject;
			attributes = {
				LastSwiftUpdateCheck = 0830;
				LastUpgradeCheck = 0830;
				ORGANIZATIONNAME = CocoaPods;
				TargetAttributes = {
					607FACCF1AFB9204008FA782 = {
						CreatedOnToolsVersion = 6.3.1;
						DevelopmentTeam = 3V7465795F;
						LastSwiftMigration = 0900;
						ProvisioningStyle = Automatic;
					};
					607FACE41AFB9204008FA782 = {
						CreatedOnToolsVersion = 6.3.1;
						DevelopmentTeam = 3V7465795F;
						LastSwiftMigration = 0900;
						TestTargetID = 607FACCF1AFB9204008FA782;
					};
				};
			};
			buildConfigurationList = 607FACCB1AFB9204008FA782 /* Build configuration list for PBXProject "BPMobileMessaging" */;
			compatibilityVersion = "Xcode 3.2";
			developmentRegion = English;
			hasScannedForEncodings = 0;
			knownRegions = (
				English,
				en,
				Base,
			);
			mainGroup = 607FACC71AFB9204008FA782;
			productRefGroup = 607FACD11AFB9204008FA782 /* Products */;
			projectDirPath = "";
			projectRoot = "";
			targets = (
				607FACCF1AFB9204008FA782 /* BPMobileMessaging_Example */,
				607FACE41AFB9204008FA782 /* BPMobileMessaging_Tests */,
			);
		};
/* End PBXProject section */

/* Begin PBXResourcesBuildPhase section */
		607FACCE1AFB9204008FA782 /* Resources */ = {
			isa = PBXResourcesBuildPhase;
			buildActionMask = 2147483647;
			files = (
				607FACDB1AFB9204008FA782 /* Main.storyboard in Resources */,
				F10126A025E6F74500AC0B5D /* GoogleService-Info.plist in Resources */,
				F19B0C4325FE6E9200799CAA /* Settings.bundle in Resources */,
				607FACE01AFB9204008FA782 /* LaunchScreen.xib in Resources */,
				607FACDD1AFB9204008FA782 /* Images.xcassets in Resources */,
			);
			runOnlyForDeploymentPostprocessing = 0;
		};
		607FACE31AFB9204008FA782 /* Resources */ = {
			isa = PBXResourcesBuildPhase;
			buildActionMask = 2147483647;
			files = (
				F151455F25DBB78400D4AF7E /* eventsFixture.txt in Resources */,
			);
			runOnlyForDeploymentPostprocessing = 0;
		};
/* End PBXResourcesBuildPhase section */

/* Begin PBXShellScriptBuildPhase section */
		500E3A8BC1BE38EC92724645 /* [CP] Embed Pods Frameworks */ = {
			isa = PBXShellScriptBuildPhase;
			buildActionMask = 2147483647;
			files = (
			);
			inputPaths = (
				"${PODS_ROOT}/Target Support Files/Pods-BPMobileMessaging_Example/Pods-BPMobileMessaging_Example-frameworks.sh",
				"${BUILT_PRODUCTS_DIR}/BPMobileMessaging/BPMobileMessaging.framework",
				"${BUILT_PRODUCTS_DIR}/FirebaseCore/FirebaseCore.framework",
				"${BUILT_PRODUCTS_DIR}/FirebaseCoreDiagnostics/FirebaseCoreDiagnostics.framework",
				"${BUILT_PRODUCTS_DIR}/FirebaseInstallations/FirebaseInstallations.framework",
				"${BUILT_PRODUCTS_DIR}/FirebaseInstanceID/FirebaseInstanceID.framework",
				"${BUILT_PRODUCTS_DIR}/FirebaseMessaging/FirebaseMessaging.framework",
				"${BUILT_PRODUCTS_DIR}/GoogleDataTransport/GoogleDataTransport.framework",
				"${BUILT_PRODUCTS_DIR}/GoogleUtilities/GoogleUtilities.framework",
				"${BUILT_PRODUCTS_DIR}/InputBarAccessoryView/InputBarAccessoryView.framework",
				"${BUILT_PRODUCTS_DIR}/MessageKit/MessageKit.framework",
				"${BUILT_PRODUCTS_DIR}/PromisesObjC/FBLPromises.framework",
				"${BUILT_PRODUCTS_DIR}/nanopb/nanopb.framework",
			);
			name = "[CP] Embed Pods Frameworks";
			outputPaths = (
				"${TARGET_BUILD_DIR}/${FRAMEWORKS_FOLDER_PATH}/BPMobileMessaging.framework",
				"${TARGET_BUILD_DIR}/${FRAMEWORKS_FOLDER_PATH}/FirebaseCore.framework",
				"${TARGET_BUILD_DIR}/${FRAMEWORKS_FOLDER_PATH}/FirebaseCoreDiagnostics.framework",
				"${TARGET_BUILD_DIR}/${FRAMEWORKS_FOLDER_PATH}/FirebaseInstallations.framework",
				"${TARGET_BUILD_DIR}/${FRAMEWORKS_FOLDER_PATH}/FirebaseInstanceID.framework",
				"${TARGET_BUILD_DIR}/${FRAMEWORKS_FOLDER_PATH}/FirebaseMessaging.framework",
				"${TARGET_BUILD_DIR}/${FRAMEWORKS_FOLDER_PATH}/GoogleDataTransport.framework",
				"${TARGET_BUILD_DIR}/${FRAMEWORKS_FOLDER_PATH}/GoogleUtilities.framework",
				"${TARGET_BUILD_DIR}/${FRAMEWORKS_FOLDER_PATH}/InputBarAccessoryView.framework",
				"${TARGET_BUILD_DIR}/${FRAMEWORKS_FOLDER_PATH}/MessageKit.framework",
				"${TARGET_BUILD_DIR}/${FRAMEWORKS_FOLDER_PATH}/FBLPromises.framework",
				"${TARGET_BUILD_DIR}/${FRAMEWORKS_FOLDER_PATH}/nanopb.framework",
			);
			runOnlyForDeploymentPostprocessing = 0;
			shellPath = /bin/sh;
			shellScript = "\"${PODS_ROOT}/Target Support Files/Pods-BPMobileMessaging_Example/Pods-BPMobileMessaging_Example-frameworks.sh\"\n";
			showEnvVarsInLog = 0;
		};
		5391BD7F0ABF99902E4A2B31 /* [CP] Check Pods Manifest.lock */ = {
			isa = PBXShellScriptBuildPhase;
			buildActionMask = 2147483647;
			files = (
			);
			inputFileListPaths = (
			);
			inputPaths = (
				"${PODS_PODFILE_DIR_PATH}/Podfile.lock",
				"${PODS_ROOT}/Manifest.lock",
			);
			name = "[CP] Check Pods Manifest.lock";
			outputFileListPaths = (
			);
			outputPaths = (
				"$(DERIVED_FILE_DIR)/Pods-BPMobileMessaging_Tests-checkManifestLockResult.txt",
			);
			runOnlyForDeploymentPostprocessing = 0;
			shellPath = /bin/sh;
			shellScript = "diff \"${PODS_PODFILE_DIR_PATH}/Podfile.lock\" \"${PODS_ROOT}/Manifest.lock\" > /dev/null\nif [ $? != 0 ] ; then\n    # print error to STDERR\n    echo \"error: The sandbox is not in sync with the Podfile.lock. Run 'pod install' or update your CocoaPods installation.\" >&2\n    exit 1\nfi\n# This output is used by Xcode 'outputs' to avoid re-running this script phase.\necho \"SUCCESS\" > \"${SCRIPT_OUTPUT_FILE_0}\"\n";
			showEnvVarsInLog = 0;
		};
		AEB9F863DB6AECDB724607CE /* [CP] Check Pods Manifest.lock */ = {
			isa = PBXShellScriptBuildPhase;
			buildActionMask = 2147483647;
			files = (
			);
			inputFileListPaths = (
			);
			inputPaths = (
				"${PODS_PODFILE_DIR_PATH}/Podfile.lock",
				"${PODS_ROOT}/Manifest.lock",
			);
			name = "[CP] Check Pods Manifest.lock";
			outputFileListPaths = (
			);
			outputPaths = (
				"$(DERIVED_FILE_DIR)/Pods-BPMobileMessaging_Example-checkManifestLockResult.txt",
			);
			runOnlyForDeploymentPostprocessing = 0;
			shellPath = /bin/sh;
			shellScript = "diff \"${PODS_PODFILE_DIR_PATH}/Podfile.lock\" \"${PODS_ROOT}/Manifest.lock\" > /dev/null\nif [ $? != 0 ] ; then\n    # print error to STDERR\n    echo \"error: The sandbox is not in sync with the Podfile.lock. Run 'pod install' or update your CocoaPods installation.\" >&2\n    exit 1\nfi\n# This output is used by Xcode 'outputs' to avoid re-running this script phase.\necho \"SUCCESS\" > \"${SCRIPT_OUTPUT_FILE_0}\"\n";
			showEnvVarsInLog = 0;
		};
/* End PBXShellScriptBuildPhase section */

/* Begin PBXSourcesBuildPhase section */
		607FACCC1AFB9204008FA782 /* Sources */ = {
			isa = PBXSourcesBuildPhase;
			buildActionMask = 2147483647;
			files = (
				F101270025E8301B00AC0B5D /* UIViewController+Extension.swift in Sources */,
				F101272725E863ED00AC0B5D /* NotificationNamesKeys.swift in Sources */,
				F1CADB9A25F55BE100CA074E /* PastConversationsViewController.swift in Sources */,
				F10126F925E82F3600AC0B5D /* ViewController+ServiceDependency.swift in Sources */,
				F1A15C3325EE2AA000191AAB /* ChatMessage.swift in Sources */,
				607FACD81AFB9204008FA782 /* HelpRequestViewController.swift in Sources */,
				F1A15C1E25ED85A700191AAB /* LinkDetectorTextStorage.swift in Sources */,
				F101271325E83A5900AC0B5D /* ContactCenterService.swift in Sources */,
				F101270425E8305600AC0B5D /* DefaultStringInterpolation+Extension.swift in Sources */,
				607FACD61AFB9204008FA782 /* AppDelegate.swift in Sources */,
				F1CADBA125F55C3F00CA074E /* PastConversationsViewModel.swift in Sources */,
				F101270F25E8313300AC0B5D /* HelpRequestViewModel.swift in Sources */,
				F1A15A2B25E9B3A100191AAB /* ChatViewController.swift in Sources */,
				F1A15BAE25ED22E700191AAB /* LinkLabel.swift in Sources */,
				F1A15A2F25E9B3C800191AAB /* ChatViewModel.swift in Sources */,
				F101270825E8308900AC0B5D /* ExampleAppError.swift in Sources */,
			);
			runOnlyForDeploymentPostprocessing = 0;
		};
		607FACE11AFB9204008FA782 /* Sources */ = {
			isa = PBXSourcesBuildPhase;
			buildActionMask = 2147483647;
			files = (
				607FACEC1AFB9204008FA782 /* ContactCenterTests.swift in Sources */,
			);
			runOnlyForDeploymentPostprocessing = 0;
		};
/* End PBXSourcesBuildPhase section */

/* Begin PBXTargetDependency section */
		607FACE71AFB9204008FA782 /* PBXTargetDependency */ = {
			isa = PBXTargetDependency;
			target = 607FACCF1AFB9204008FA782 /* BPMobileMessaging_Example */;
			targetProxy = 607FACE61AFB9204008FA782 /* PBXContainerItemProxy */;
		};
/* End PBXTargetDependency section */

/* Begin PBXVariantGroup section */
		607FACD91AFB9204008FA782 /* Main.storyboard */ = {
			isa = PBXVariantGroup;
			children = (
				607FACDA1AFB9204008FA782 /* Base */,
			);
			name = Main.storyboard;
			sourceTree = "<group>";
		};
		607FACDE1AFB9204008FA782 /* LaunchScreen.xib */ = {
			isa = PBXVariantGroup;
			children = (
				607FACDF1AFB9204008FA782 /* Base */,
			);
			name = LaunchScreen.xib;
			sourceTree = "<group>";
		};
/* End PBXVariantGroup section */

/* Begin XCBuildConfiguration section */
		607FACED1AFB9204008FA782 /* Debug */ = {
			isa = XCBuildConfiguration;
			buildSettings = {
				ALWAYS_SEARCH_USER_PATHS = NO;
				CLANG_CXX_LANGUAGE_STANDARD = "gnu++0x";
				CLANG_CXX_LIBRARY = "libc++";
				CLANG_ENABLE_MODULES = YES;
				CLANG_ENABLE_OBJC_ARC = YES;
				CLANG_WARN_BLOCK_CAPTURE_AUTORELEASING = YES;
				CLANG_WARN_BOOL_CONVERSION = YES;
				CLANG_WARN_COMMA = YES;
				CLANG_WARN_CONSTANT_CONVERSION = YES;
				CLANG_WARN_DIRECT_OBJC_ISA_USAGE = YES_ERROR;
				CLANG_WARN_EMPTY_BODY = YES;
				CLANG_WARN_ENUM_CONVERSION = YES;
				CLANG_WARN_INFINITE_RECURSION = YES;
				CLANG_WARN_INT_CONVERSION = YES;
				CLANG_WARN_NON_LITERAL_NULL_CONVERSION = YES;
				CLANG_WARN_OBJC_LITERAL_CONVERSION = YES;
				CLANG_WARN_OBJC_ROOT_CLASS = YES_ERROR;
				CLANG_WARN_RANGE_LOOP_ANALYSIS = YES;
				CLANG_WARN_STRICT_PROTOTYPES = YES;
				CLANG_WARN_SUSPICIOUS_MOVE = YES;
				CLANG_WARN_UNREACHABLE_CODE = YES;
				CLANG_WARN__DUPLICATE_METHOD_MATCH = YES;
				"CODE_SIGN_IDENTITY[sdk=iphoneos*]" = "iPhone Developer";
				COPY_PHASE_STRIP = NO;
				DEBUG_INFORMATION_FORMAT = "dwarf-with-dsym";
				ENABLE_STRICT_OBJC_MSGSEND = YES;
				ENABLE_TESTABILITY = YES;
				GCC_C_LANGUAGE_STANDARD = gnu99;
				GCC_DYNAMIC_NO_PIC = NO;
				GCC_NO_COMMON_BLOCKS = YES;
				GCC_OPTIMIZATION_LEVEL = 0;
				GCC_PREPROCESSOR_DEFINITIONS = (
					"DEBUG=1",
					"$(inherited)",
				);
				GCC_SYMBOLS_PRIVATE_EXTERN = NO;
				GCC_WARN_64_TO_32_BIT_CONVERSION = YES;
				GCC_WARN_ABOUT_RETURN_TYPE = YES_ERROR;
				GCC_WARN_UNDECLARED_SELECTOR = YES;
				GCC_WARN_UNINITIALIZED_AUTOS = YES_AGGRESSIVE;
				GCC_WARN_UNUSED_FUNCTION = YES;
				GCC_WARN_UNUSED_VARIABLE = YES;
				IPHONEOS_DEPLOYMENT_TARGET = 12.0;
				MTL_ENABLE_DEBUG_INFO = YES;
				ONLY_ACTIVE_ARCH = YES;
				SDKROOT = iphoneos;
				SWIFT_OPTIMIZATION_LEVEL = "-Onone";
			};
			name = Debug;
		};
		607FACEE1AFB9204008FA782 /* Release */ = {
			isa = XCBuildConfiguration;
			buildSettings = {
				ALWAYS_SEARCH_USER_PATHS = NO;
				CLANG_CXX_LANGUAGE_STANDARD = "gnu++0x";
				CLANG_CXX_LIBRARY = "libc++";
				CLANG_ENABLE_MODULES = YES;
				CLANG_ENABLE_OBJC_ARC = YES;
				CLANG_WARN_BLOCK_CAPTURE_AUTORELEASING = YES;
				CLANG_WARN_BOOL_CONVERSION = YES;
				CLANG_WARN_COMMA = YES;
				CLANG_WARN_CONSTANT_CONVERSION = YES;
				CLANG_WARN_DIRECT_OBJC_ISA_USAGE = YES_ERROR;
				CLANG_WARN_EMPTY_BODY = YES;
				CLANG_WARN_ENUM_CONVERSION = YES;
				CLANG_WARN_INFINITE_RECURSION = YES;
				CLANG_WARN_INT_CONVERSION = YES;
				CLANG_WARN_NON_LITERAL_NULL_CONVERSION = YES;
				CLANG_WARN_OBJC_LITERAL_CONVERSION = YES;
				CLANG_WARN_OBJC_ROOT_CLASS = YES_ERROR;
				CLANG_WARN_RANGE_LOOP_ANALYSIS = YES;
				CLANG_WARN_STRICT_PROTOTYPES = YES;
				CLANG_WARN_SUSPICIOUS_MOVE = YES;
				CLANG_WARN_UNREACHABLE_CODE = YES;
				CLANG_WARN__DUPLICATE_METHOD_MATCH = YES;
				"CODE_SIGN_IDENTITY[sdk=iphoneos*]" = "iPhone Developer";
				COPY_PHASE_STRIP = NO;
				DEBUG_INFORMATION_FORMAT = "dwarf-with-dsym";
				ENABLE_NS_ASSERTIONS = NO;
				ENABLE_STRICT_OBJC_MSGSEND = YES;
				GCC_C_LANGUAGE_STANDARD = gnu99;
				GCC_NO_COMMON_BLOCKS = YES;
				GCC_WARN_64_TO_32_BIT_CONVERSION = YES;
				GCC_WARN_ABOUT_RETURN_TYPE = YES_ERROR;
				GCC_WARN_UNDECLARED_SELECTOR = YES;
				GCC_WARN_UNINITIALIZED_AUTOS = YES_AGGRESSIVE;
				GCC_WARN_UNUSED_FUNCTION = YES;
				GCC_WARN_UNUSED_VARIABLE = YES;
				IPHONEOS_DEPLOYMENT_TARGET = 12.0;
				MTL_ENABLE_DEBUG_INFO = NO;
				SDKROOT = iphoneos;
				SWIFT_OPTIMIZATION_LEVEL = "-Owholemodule";
				VALIDATE_PRODUCT = YES;
			};
			name = Release;
		};
		607FACF01AFB9204008FA782 /* Debug */ = {
			isa = XCBuildConfiguration;
			baseConfigurationReference = F681B50D64B48541F780AC7E /* Pods-BPMobileMessaging_Example.debug.xcconfig */;
			buildSettings = {
				ASSETCATALOG_COMPILER_APPICON_NAME = AppIcon;
				CODE_SIGN_ENTITLEMENTS = BPMobileMessaging_Example.entitlements;
				CODE_SIGN_IDENTITY = "Apple Development";
				CODE_SIGN_STYLE = Automatic;
				DEVELOPMENT_TEAM = 3V7465795F;
				INFOPLIST_FILE = BPMobileMessaging/Info.plist;
				IPHONEOS_DEPLOYMENT_TARGET = 11.0;
				LD_RUNPATH_SEARCH_PATHS = "$(inherited) @executable_path/Frameworks";
				MODULE_NAME = ExampleApp;
				PRODUCT_BUNDLE_IDENTIFIER = "com.BP.contactcenter.BPMobileMessaging-Example";
				PRODUCT_NAME = "$(TARGET_NAME)";
				PROVISIONING_PROFILE_SPECIFIER = "";
				SWIFT_SWIFT3_OBJC_INFERENCE = Default;
				SWIFT_VERSION = 4.0;
			};
			name = Debug;
		};
		607FACF11AFB9204008FA782 /* Release */ = {
			isa = XCBuildConfiguration;
			baseConfigurationReference = 2503487E031042FAD3599AA2 /* Pods-BPMobileMessaging_Example.release.xcconfig */;
			buildSettings = {
				ASSETCATALOG_COMPILER_APPICON_NAME = AppIcon;
				CODE_SIGN_ENTITLEMENTS = BPMobileMessaging_Example.entitlements;
				CODE_SIGN_IDENTITY = "Apple Development";
				CODE_SIGN_STYLE = Automatic;
				DEVELOPMENT_TEAM = 3V7465795F;
				INFOPLIST_FILE = BPMobileMessaging/Info.plist;
				IPHONEOS_DEPLOYMENT_TARGET = 11.0;
				LD_RUNPATH_SEARCH_PATHS = "$(inherited) @executable_path/Frameworks";
				MODULE_NAME = ExampleApp;
				PRODUCT_BUNDLE_IDENTIFIER = "com.BP.contactcenter.BPMobileMessaging-Example";
				PRODUCT_NAME = "$(TARGET_NAME)";
				PROVISIONING_PROFILE_SPECIFIER = "";
				SWIFT_SWIFT3_OBJC_INFERENCE = Default;
				SWIFT_VERSION = 4.0;
			};
			name = Release;
		};
		607FACF31AFB9204008FA782 /* Debug */ = {
			isa = XCBuildConfiguration;
			baseConfigurationReference = 15627A2FBF2AC38505C0B61B /* Pods-BPMobileMessaging_Tests.debug.xcconfig */;
			buildSettings = {
				DEVELOPMENT_TEAM = 3V7465795F;
				FRAMEWORK_SEARCH_PATHS = (
					"$(PLATFORM_DIR)/Developer/Library/Frameworks",
					"$(inherited)",
				);
				GCC_PREPROCESSOR_DEFINITIONS = (
					"DEBUG=1",
					"$(inherited)",
				);
				INFOPLIST_FILE = Tests/Info.plist;
				IPHONEOS_DEPLOYMENT_TARGET = 12.1;
				LD_RUNPATH_SEARCH_PATHS = "$(inherited) @executable_path/Frameworks @loader_path/Frameworks";
				PRODUCT_BUNDLE_IDENTIFIER = "org.cocoapods.$(PRODUCT_NAME:rfc1034identifier)";
				PRODUCT_NAME = "$(TARGET_NAME)";
				SWIFT_SWIFT3_OBJC_INFERENCE = Default;
				SWIFT_VERSION = 4.0;
				TEST_HOST = "$(BUILT_PRODUCTS_DIR)/BPMobileMessaging_Example.app/BPMobileMessaging_Example";
			};
			name = Debug;
		};
		607FACF41AFB9204008FA782 /* Release */ = {
			isa = XCBuildConfiguration;
			baseConfigurationReference = 715D3021182EAF5BBF64ABEB /* Pods-BPMobileMessaging_Tests.release.xcconfig */;
			buildSettings = {
				DEVELOPMENT_TEAM = 3V7465795F;
				FRAMEWORK_SEARCH_PATHS = (
					"$(PLATFORM_DIR)/Developer/Library/Frameworks",
					"$(inherited)",
				);
				INFOPLIST_FILE = Tests/Info.plist;
				IPHONEOS_DEPLOYMENT_TARGET = 12.1;
				LD_RUNPATH_SEARCH_PATHS = "$(inherited) @executable_path/Frameworks @loader_path/Frameworks";
				PRODUCT_BUNDLE_IDENTIFIER = "org.cocoapods.$(PRODUCT_NAME:rfc1034identifier)";
				PRODUCT_NAME = "$(TARGET_NAME)";
				SWIFT_SWIFT3_OBJC_INFERENCE = Default;
				SWIFT_VERSION = 4.0;
				TEST_HOST = "$(BUILT_PRODUCTS_DIR)/BPMobileMessaging_Example.app/BPMobileMessaging_Example";
			};
			name = Release;
		};
/* End XCBuildConfiguration section */

/* Begin XCConfigurationList section */
		607FACCB1AFB9204008FA782 /* Build configuration list for PBXProject "BPMobileMessaging" */ = {
			isa = XCConfigurationList;
			buildConfigurations = (
				607FACED1AFB9204008FA782 /* Debug */,
				607FACEE1AFB9204008FA782 /* Release */,
			);
			defaultConfigurationIsVisible = 0;
			defaultConfigurationName = Release;
		};
		607FACEF1AFB9204008FA782 /* Build configuration list for PBXNativeTarget "BPMobileMessaging_Example" */ = {
			isa = XCConfigurationList;
			buildConfigurations = (
				607FACF01AFB9204008FA782 /* Debug */,
				607FACF11AFB9204008FA782 /* Release */,
			);
			defaultConfigurationIsVisible = 0;
			defaultConfigurationName = Release;
		};
		607FACF21AFB9204008FA782 /* Build configuration list for PBXNativeTarget "BPMobileMessaging_Tests" */ = {
			isa = XCConfigurationList;
			buildConfigurations = (
				607FACF31AFB9204008FA782 /* Debug */,
				607FACF41AFB9204008FA782 /* Release */,
			);
			defaultConfigurationIsVisible = 0;
			defaultConfigurationName = Release;
		};
/* End XCConfigurationList section */
	};
	rootObject = 607FACC81AFB9204008FA782 /* Project object */;
}
